
Microsoft Visual Studio Solution File, Format Version 12.00
# Visual Studio Version 17
VisualStudioVersion = 17.9.34622.214
MinimumVisualStudioVersion = 10.0.40219.1
Project("{FAE04EC0-301F-11D3-BF4B-00C04F79EFBC}") = "game_blueprint", "game_blueprint\game_blueprint.csproj", "{40C2E4A9-2913-4DA4-9815-3D8625FE7365}"
EndProject
Global
	GlobalSection(SolutionConfigurationPlatforms) = preSolution
		Debug|Any CPU = Debug|Any CPU
		Release|Any CPU = Release|Any CPU
	EndGlobalSection
	GlobalSection(ProjectConfigurationPlatforms) = postSolution
		{40C2E4A9-2913-4DA4-9815-3D8625FE7365}.Debug|Any CPU.ActiveCfg = Debug|Any CPU
		{40C2E4A9-2913-4DA4-9815-3D8625FE7365}.Debug|Any CPU.Build.0 = Debug|Any CPU
		{40C2E4A9-2913-4DA4-9815-3D8625FE7365}.Release|Any CPU.ActiveCfg = Release|Any CPU
		{40C2E4A9-2913-4DA4-9815-3D8625FE7365}.Release|Any CPU.Build.0 = Release|Any CPU
	EndGlobalSection
	GlobalSection(SolutionProperties) = preSolution
		HideSolutionNode = FALSE
	EndGlobalSection
	GlobalSection(ExtensibilityGlobals) = postSolution
		SolutionGuid = {39EAA54E-0F3B-4A1C-984A-D177C5DECA29}
	EndGlobalSection
EndGlobal
