
Microsoft Visual Studio Solution File, Format Version 12.00
# Visual Studio Version 17
VisualStudioVersion = 17.10.35027.167
MinimumVisualStudioVersion = 10.0.40219.1
Project("{FAE04EC0-301F-11D3-BF4B-00C04F79EFBC}") = "alapok", "alapok\alapok.csproj", "{AECBC1D6-85AD-4AFE-9E4A-6D1038C02954}"
EndProject
Global
	GlobalSection(SolutionConfigurationPlatforms) = preSolution
		Debug|Any CPU = Debug|Any CPU
		Release|Any CPU = Release|Any CPU
	EndGlobalSection
	GlobalSection(ProjectConfigurationPlatforms) = postSolution
		{AECBC1D6-85AD-4AFE-9E4A-6D1038C02954}.Debug|Any CPU.ActiveCfg = Debug|Any CPU
		{AECBC1D6-85AD-4AFE-9E4A-6D1038C02954}.Debug|Any CPU.Build.0 = Debug|Any CPU
		{AECBC1D6-85AD-4AFE-9E4A-6D1038C02954}.Release|Any CPU.ActiveCfg = Release|Any CPU
		{AECBC1D6-85AD-4AFE-9E4A-6D1038C02954}.Release|Any CPU.Build.0 = Release|Any CPU
	EndGlobalSection
	GlobalSection(SolutionProperties) = preSolution
		HideSolutionNode = FALSE
	EndGlobalSection
	GlobalSection(ExtensibilityGlobals) = postSolution
		SolutionGuid = {FE491DF6-CFE1-4BA3-B7E4-1686CDC2DF17}
	EndGlobalSection
EndGlobal
